
Microsoft Visual Studio Solution File, Format Version 12.00
# Visual Studio Version 16
VisualStudioVersion = 16.0.28803.202
MinimumVisualStudioVersion = 10.0.40219.1
Project("{FAE04EC0-301F-11D3-BF4B-00C04F79EFBC}") = "Doctors", "Doctors.csproj", "{40AA91FB-D5E7-42AA-BBC4-EA52759EA341}"
EndProject
Global
	GlobalSection(SolutionConfigurationPlatforms) = preSolution
		Debug|Any CPU = Debug|Any CPU
		Release|Any CPU = Release|Any CPU
	EndGlobalSection
	GlobalSection(ProjectConfigurationPlatforms) = postSolution
		{40AA91FB-D5E7-42AA-BBC4-EA52759EA341}.Debug|Any CPU.ActiveCfg = Debug|Any CPU
		{40AA91FB-D5E7-42AA-BBC4-EA52759EA341}.Debug|Any CPU.Build.0 = Debug|Any CPU
		{40AA91FB-D5E7-42AA-BBC4-EA52759EA341}.Release|Any CPU.ActiveCfg = Release|Any CPU
		{40AA91FB-D5E7-42AA-BBC4-EA52759EA341}.Release|Any CPU.Build.0 = Release|Any CPU
	EndGlobalSection
	GlobalSection(SolutionProperties) = preSolution
		HideSolutionNode = FALSE
	EndGlobalSection
	GlobalSection(ExtensibilityGlobals) = postSolution
		SolutionGuid = {627B6E29-61E6-40A9-B413-0F8A1CF6407F}
	EndGlobalSection
EndGlobal
